# THIS IS AN AUTOGENERATED FILE. DO NOT EDIT THIS FILE DIRECTLY.
# yarn lockfile v1


airbnb-prop-types@^2.8.1:
  version "2.9.0"
  resolved "https://registry.yarnpkg.com/airbnb-prop-types/-/airbnb-prop-types-2.9.0.tgz#fd440594b1b0cdddf487f62e007d0dba909f6beb"
  dependencies:
    array.prototype.find "^2.0.4"
    function.prototype.name "^1.1.0"
    has "^1.0.1"
    is-regex "^1.0.4"
    object-is "^1.0.1"
    object.assign "^4.1.0"
    object.entries "^1.0.4"
    prop-types "^15.6.1"
    prop-types-exact "^1.1.2"

aphrodite@^1.2.5:
  version "1.2.5"
  resolved "https://registry.yarnpkg.com/aphrodite/-/aphrodite-1.2.5.tgz#8358c36c80bb03aee9b97165aaa70186225b4983"
  dependencies:
    asap "^2.0.3"
    inline-style-prefixer "^3.0.1"
    string-hash "^1.1.3"

array.prototype.find@^2.0.4:
  version "2.0.4"
  resolved "https://registry.yarnpkg.com/array.prototype.find/-/array.prototype.find-2.0.4.tgz#556a5c5362c08648323ddaeb9de9d14bc1864c90"
  dependencies:
    define-properties "^1.1.2"
    es-abstract "^1.7.0"

array.prototype.flatten@^1.2.1:
  version "1.2.1"
  resolved "https://registry.yarnpkg.com/array.prototype.flatten/-/array.prototype.flatten-1.2.1.tgz#a77ae1b64524ce373b137fade324d12040d3c680"
  dependencies:
    define-properties "^1.1.2"
    es-abstract "^1.10.0"
    function-bind "^1.1.1"

asap@^2.0.3, asap@~2.0.3:
  version "2.0.6"
  resolved "https://registry.yarnpkg.com/asap/-/asap-2.0.6.tgz#e50347611d7e690943208bbdafebcbc2fb866d46"

bowser@^1.7.3:
  version "1.9.3"
  resolved "https://registry.yarnpkg.com/bowser/-/bowser-1.9.3.tgz#6643ae4d783f31683f6d23156976b74183862162"

brcast@^2.0.2:
  version "2.0.2"
  resolved "https://registry.yarnpkg.com/brcast/-/brcast-2.0.2.tgz#2db16de44140e418dc37fab10beec0369e78dcef"

classnames@^2.2.4:
  version "2.2.5"
  resolved "https://registry.yarnpkg.com/classnames/-/classnames-2.2.5.tgz#fb3801d453467649ef3603c7d61a02bd129bde6d"

consolidated-events@^1.1.1:
  version "1.1.1"
  resolved "https://registry.yarnpkg.com/consolidated-events/-/consolidated-events-1.1.1.tgz#25395465b35e531395418b7bbecb5ecaf198d179"

core-js@^1.0.0:
  version "1.2.7"
  resolved "https://registry.yarnpkg.com/core-js/-/core-js-1.2.7.tgz#652294c14651db28fa93bd2d5ff2983a4f08c636"

create-react-class@^15.5.2:
  version "15.6.3"
  resolved "https://registry.yarnpkg.com/create-react-class/-/create-react-class-15.6.3.tgz#2d73237fb3f970ae6ebe011a9e66f46dbca80036"
  dependencies:
    fbjs "^0.8.9"
    loose-envify "^1.3.1"
    object-assign "^4.1.1"

css-in-js-utils@^2.0.0:
  version "2.0.1"
  resolved "https://registry.yarnpkg.com/css-in-js-utils/-/css-in-js-utils-2.0.1.tgz#3b472b398787291b47cfe3e44fecfdd9e914ba99"
  dependencies:
    hyphenate-style-name "^1.0.2"
    isobject "^3.0.1"

deepmerge@^1.5.1, deepmerge@^1.5.2:
  version "1.5.2"
  resolved "https://registry.yarnpkg.com/deepmerge/-/deepmerge-1.5.2.tgz#10499d868844cdad4fee0842df8c7f6f0c95a753"

define-properties@^1.1.2:
  version "1.1.2"
  resolved "https://registry.yarnpkg.com/define-properties/-/define-properties-1.1.2.tgz#83a73f2fea569898fb737193c8f873caf6d45c94"
  dependencies:
    foreach "^2.0.5"
    object-keys "^1.0.8"

direction@^1.0.1:
  version "1.0.1"
  resolved "https://registry.yarnpkg.com/direction/-/direction-1.0.1.tgz#0481cc6eb44b4bb0c00da0ddb10a91469bbffe5d"

encoding@^0.1.11:
  version "0.1.12"
  resolved "https://registry.yarnpkg.com/encoding/-/encoding-0.1.12.tgz#538b66f3ee62cd1ab51ec323829d1f9480c74beb"
  dependencies:
    iconv-lite "~0.4.13"

es-abstract@^1.10.0, es-abstract@^1.6.1, es-abstract@^1.7.0:
  version "1.11.0"
  resolved "https://registry.yarnpkg.com/es-abstract/-/es-abstract-1.11.0.tgz#cce87d518f0496893b1a30cd8461835535480681"
  dependencies:
    es-to-primitive "^1.1.1"
    function-bind "^1.1.1"
    has "^1.0.1"
    is-callable "^1.1.3"
    is-regex "^1.0.4"

es-to-primitive@^1.1.1:
  version "1.1.1"
  resolved "https://registry.yarnpkg.com/es-to-primitive/-/es-to-primitive-1.1.1.tgz#45355248a88979034b6792e19bb81f2b7975dd0d"
  dependencies:
    is-callable "^1.1.1"
    is-date-object "^1.0.1"
    is-symbol "^1.0.1"

fbjs@^0.8.16, fbjs@^0.8.4, fbjs@^0.8.9:
  version "0.8.16"
  resolved "https://registry.yarnpkg.com/fbjs/-/fbjs-0.8.16.tgz#5e67432f550dc41b572bf55847b8aca64e5337db"
  dependencies:
    core-js "^1.0.0"
    isomorphic-fetch "^2.1.1"
    loose-envify "^1.0.0"
    object-assign "^4.1.0"
    promise "^7.1.1"
    setimmediate "^1.0.5"
    ua-parser-js "^0.7.9"

foreach@^2.0.5:
  version "2.0.5"
  resolved "https://registry.yarnpkg.com/foreach/-/foreach-2.0.5.tgz#0bee005018aeb260d0a3af3ae658dd0136ec1b99"

function-bind@^1.0.2, function-bind@^1.1.0, function-bind@^1.1.1:
  version "1.1.1"
  resolved "https://registry.yarnpkg.com/function-bind/-/function-bind-1.1.1.tgz#a56899d3ea3c9bab874bb9773b7c5ede92f4895d"

function.prototype.name@^1.1.0:
  version "1.1.0"
  resolved "https://registry.yarnpkg.com/function.prototype.name/-/function.prototype.name-1.1.0.tgz#8bd763cc0af860a859cc5d49384d74b932cd2327"
  dependencies:
    define-properties "^1.1.2"
    function-bind "^1.1.1"
    is-callable "^1.1.3"

global-cache@^1.2.1:
  version "1.2.1"
  resolved "https://registry.yarnpkg.com/global-cache/-/global-cache-1.2.1.tgz#39ca020d3dd7b3f0934c52b75363f8d53312c16d"
  dependencies:
    define-properties "^1.1.2"
    is-symbol "^1.0.1"

has-symbols@^1.0.0:
  version "1.0.0"
  resolved "https://registry.yarnpkg.com/has-symbols/-/has-symbols-1.0.0.tgz#ba1a8f1af2a0fc39650f5c850367704122063b44"

has@^1.0.1:
  version "1.0.1"
  resolved "https://registry.yarnpkg.com/has/-/has-1.0.1.tgz#8461733f538b0837c9361e39a9ab9e9704dc2f28"
  dependencies:
    function-bind "^1.0.2"

hoist-non-react-statics@^2.3.1:
  version "2.5.0"
  resolved "https://registry.yarnpkg.com/hoist-non-react-statics/-/hoist-non-react-statics-2.5.0.tgz#d2ca2dfc19c5a91c5a6615ce8e564ef0347e2a40"

hyphenate-style-name@^1.0.2:
  version "1.0.2"
  resolved "https://registry.yarnpkg.com/hyphenate-style-name/-/hyphenate-style-name-1.0.2.tgz#31160a36930adaf1fc04c6074f7eb41465d4ec4b"

iconv-lite@~0.4.13:
  version "0.4.21"
  resolved "https://registry.yarnpkg.com/iconv-lite/-/iconv-lite-0.4.21.tgz#c47f8733d02171189ebc4a400f3218d348094798"
  dependencies:
    safer-buffer "^2.1.0"

inline-style-prefixer@^3.0.1:
  version "3.0.8"
  resolved "https://registry.yarnpkg.com/inline-style-prefixer/-/inline-style-prefixer-3.0.8.tgz#8551b8e5b4d573244e66a34b04f7d32076a2b534"
  dependencies:
    bowser "^1.7.3"
    css-in-js-utils "^2.0.0"

is-callable@^1.1.1, is-callable@^1.1.3:
  version "1.1.3"
  resolved "https://registry.yarnpkg.com/is-callable/-/is-callable-1.1.3.tgz#86eb75392805ddc33af71c92a0eedf74ee7604b2"

is-date-object@^1.0.1:
  version "1.0.1"
  resolved "https://registry.yarnpkg.com/is-date-object/-/is-date-object-1.0.1.tgz#9aa20eb6aeebbff77fbd33e74ca01b33581d3a16"

is-regex@^1.0.4:
  version "1.0.4"
  resolved "https://registry.yarnpkg.com/is-regex/-/is-regex-1.0.4.tgz#5517489b547091b0930e095654ced25ee97e9491"
  dependencies:
    has "^1.0.1"

is-stream@^1.0.1:
  version "1.1.0"
  resolved "https://registry.yarnpkg.com/is-stream/-/is-stream-1.1.0.tgz#12d4a3dd4e68e0b79ceb8dbc84173ae80d91ca44"

is-symbol@^1.0.1:
  version "1.0.1"
  resolved "https://registry.yarnpkg.com/is-symbol/-/is-symbol-1.0.1.tgz#3cc59f00025194b6ab2e38dbae6689256b660572"

is-touch-device@^1.0.1:
  version "1.0.1"
  resolved "https://registry.yarnpkg.com/is-touch-device/-/is-touch-device-1.0.1.tgz#9a2fd59f689e9a9bf6ae9a86924c4ba805a42eab"

isobject@^3.0.1:
  version "3.0.1"
  resolved "https://registry.yarnpkg.com/isobject/-/isobject-3.0.1.tgz#4e431e92b11a9731636aa1f9c8d1ccbcfdab78df"

isomorphic-fetch@^2.1.1:
  version "2.2.1"
  resolved "https://registry.yarnpkg.com/isomorphic-fetch/-/isomorphic-fetch-2.2.1.tgz#611ae1acf14f5e81f729507472819fe9733558a9"
  dependencies:
    node-fetch "^1.0.1"
    whatwg-fetch ">=0.10.0"

js-tokens@^3.0.0:
  version "3.0.2"
  resolved "https://registry.yarnpkg.com/js-tokens/-/js-tokens-3.0.2.tgz#9866df395102130e38f7f996bceb65443209c25b"

lodash@^4.1.1:
  version "4.17.5"
  resolved "https://registry.yarnpkg.com/lodash/-/lodash-4.17.5.tgz#99a92d65c0272debe8c96b6057bc8fbfa3bed511"

loose-envify@^1.0.0, loose-envify@^1.1.0, loose-envify@^1.3.1:
  version "1.3.1"
  resolved "https://registry.yarnpkg.com/loose-envify/-/loose-envify-1.3.1.tgz#d1a8ad33fa9ce0e713d65fdd0ac8b748d478c848"
  dependencies:
    js-tokens "^3.0.0"

moment@>=1.6.0:
  version "2.22.0"
  resolved "https://registry.yarnpkg.com/moment/-/moment-2.22.0.tgz#7921ade01017dd45186e7fee5f424f0b8663a730"

node-fetch@^1.0.1:
  version "1.7.3"
  resolved "https://registry.yarnpkg.com/node-fetch/-/node-fetch-1.7.3.tgz#980f6f72d85211a5347c6b2bc18c5b84c3eb47ef"
  dependencies:
    encoding "^0.1.11"
    is-stream "^1.0.1"

object-assign@^3.0.0:
  version "3.0.0"
  resolved "https://registry.yarnpkg.com/object-assign/-/object-assign-3.0.0.tgz#9bedd5ca0897949bca47e7ff408062d549f587f2"

object-assign@^4.1.0, object-assign@^4.1.1:
  version "4.1.1"
  resolved "https://registry.yarnpkg.com/object-assign/-/object-assign-4.1.1.tgz#2109adc7965887cfc05cbbd442cac8bfbb360863"

object-is@^1.0.1:
  version "1.0.1"
  resolved "https://registry.yarnpkg.com/object-is/-/object-is-1.0.1.tgz#0aa60ec9989a0b3ed795cf4d06f62cf1ad6539b6"

object-keys@^1.0.11, object-keys@^1.0.8:
  version "1.0.11"
  resolved "https://registry.yarnpkg.com/object-keys/-/object-keys-1.0.11.tgz#c54601778ad560f1142ce0e01bcca8b56d13426d"

object.assign@^4.1.0:
  version "4.1.0"
  resolved "https://registry.yarnpkg.com/object.assign/-/object.assign-4.1.0.tgz#968bf1100d7956bb3ca086f006f846b3bc4008da"
  dependencies:
    define-properties "^1.1.2"
    function-bind "^1.1.1"
    has-symbols "^1.0.0"
    object-keys "^1.0.11"

object.entries@^1.0.4:
  version "1.0.4"
  resolved "https://registry.yarnpkg.com/object.entries/-/object.entries-1.0.4.tgz#1bf9a4dd2288f5b33f3a993d257661f05d161a5f"
  dependencies:
    define-properties "^1.1.2"
    es-abstract "^1.6.1"
    function-bind "^1.1.0"
    has "^1.0.1"

object.values@^1.0.4:
  version "1.0.4"
  resolved "https://registry.yarnpkg.com/object.values/-/object.values-1.0.4.tgz#e524da09b4f66ff05df457546ec72ac99f13069a"
  dependencies:
    define-properties "^1.1.2"
    es-abstract "^1.6.1"
    function-bind "^1.1.0"
    has "^1.0.1"

promise@^7.1.1:
  version "7.3.1"
  resolved "https://registry.yarnpkg.com/promise/-/promise-7.3.1.tgz#064b72602b18f90f29192b8b1bc418ffd1ebd3bf"
  dependencies:
    asap "~2.0.3"

prop-types-exact@^1.1.2:
  version "1.1.2"
  resolved "https://registry.yarnpkg.com/prop-types-exact/-/prop-types-exact-1.1.2.tgz#0b5addd8ff3ea10823fe1d94f030f4b4296b513f"
  dependencies:
    has "^1.0.1"
    object.assign "^4.1.0"

prop-types@^15.5.7, prop-types@^15.5.8, prop-types@^15.6.0, prop-types@^15.6.1:
  version "15.6.1"
  resolved "https://registry.yarnpkg.com/prop-types/-/prop-types-15.6.1.tgz#36644453564255ddda391191fb3a125cbdf654ca"
  dependencies:
    fbjs "^0.8.16"
    loose-envify "^1.3.1"
    object-assign "^4.1.1"

react-addons-shallow-compare@^15.6.2:
  version "15.6.2"
  resolved "https://registry.yarnpkg.com/react-addons-shallow-compare/-/react-addons-shallow-compare-15.6.2.tgz#198a00b91fc37623db64a28fd17b596ba362702f"
  dependencies:
    fbjs "^0.8.4"
    object-assign "^4.1.0"

react-dates@^16.5.0:
  version "16.5.0"
  resolved "https://registry.yarnpkg.com/react-dates/-/react-dates-16.5.0.tgz#eef0f6f1b1d218fef07e7e7891610a94a5d7a70d"
  dependencies:
    airbnb-prop-types "^2.8.1"
    consolidated-events "^1.1.1"
    is-touch-device "^1.0.1"
    lodash "^4.1.1"
    object.assign "^4.1.0"
    object.values "^1.0.4"
    prop-types "^15.6.0"
    react-addons-shallow-compare "^15.6.2"
    react-moment-proptypes "^1.5.0"
    react-portal "^4.1.2"
    react-with-styles "^3.1.0"
    react-with-styles-interface-css "^4.0.1"

react-datetime@^2.14.0:
  version "2.14.0"
  resolved "https://registry.yarnpkg.com/react-datetime/-/react-datetime-2.14.0.tgz#c7859c5b765275d7980f1cca27c03a727ff9ccef"
  dependencies:
    create-react-class "^15.5.2"
    object-assign "^3.0.0"
    prop-types "^15.5.7"
    react-onclickoutside "^6.5.0"

react-dom@^16.3.1:
  version "16.3.1"
  resolved "https://registry.yarnpkg.com/react-dom/-/react-dom-16.3.1.tgz#6a3c90a4fb62f915bdbcf6204422d93a7d4ca573"
  dependencies:
    fbjs "^0.8.16"
    loose-envify "^1.1.0"
    object-assign "^4.1.1"
    prop-types "^15.6.0"

react-input-autosize@^2.1.2:
  version "2.2.1"
  resolved "https://registry.yarnpkg.com/react-input-autosize/-/react-input-autosize-2.2.1.tgz#ec428fa15b1592994fb5f9aa15bb1eb6baf420f8"
  dependencies:
    prop-types "^15.5.8"

react-moment-proptypes@^1.5.0:
  version "1.5.0"
  resolved "https://registry.yarnpkg.com/react-moment-proptypes/-/react-moment-proptypes-1.5.0.tgz#4a448cd6479efc5dd509283f361f3753c3abe60e"
  dependencies:
    moment ">=1.6.0"

react-onclickoutside@^6.5.0:
  version "6.7.1"
  resolved "https://registry.yarnpkg.com/react-onclickoutside/-/react-onclickoutside-6.7.1.tgz#6a5b5b8b4eae6b776259712c89c8a2b36b17be93"

react-portal@^4.1.2:
  version "4.1.4"
  resolved "https://registry.yarnpkg.com/react-portal/-/react-portal-4.1.4.tgz#3fc3f3f3a0e81362ab1dc9afa3c4bb5a84ec76a3"
  dependencies:
    prop-types "^15.5.8"

react-select@^1.2.1:
  version "1.2.1"
  resolved "https://registry.yarnpkg.com/react-select/-/react-select-1.2.1.tgz#a2fe58a569eb14dcaa6543816260b97e538120d1"
  dependencies:
    classnames "^2.2.4"
    prop-types "^15.5.8"
    react-input-autosize "^2.1.2"

react-with-direction@^1.1.0:
  version "1.3.0"
  resolved "https://registry.yarnpkg.com/react-with-direction/-/react-with-direction-1.3.0.tgz#9885f5941aa986be753db95a41e8f3d8f8de97ff"
  dependencies:
    airbnb-prop-types "^2.8.1"
    brcast "^2.0.2"
    deepmerge "^1.5.1"
    direction "^1.0.1"
    hoist-non-react-statics "^2.3.1"
    object.assign "^4.1.0"
    object.values "^1.0.4"
    prop-types "^15.6.0"

react-with-styles-interface-css@^4.0.1:
  version "4.0.1"
  resolved "https://registry.yarnpkg.com/react-with-styles-interface-css/-/react-with-styles-interface-css-4.0.1.tgz#79d0a40bae388e11f15362d35aa52e8917982db0"
  dependencies:
    aphrodite "^1.2.5"
    array.prototype.flatten "^1.2.1"
    global-cache "^1.2.1"

react-with-styles@^3.1.0:
  version "3.1.1"
  resolved "https://registry.yarnpkg.com/react-with-styles/-/react-with-styles-3.1.1.tgz#a2a86ed04b73fcadcd20cd30bf6a5111b6d852dc"
  dependencies:
    deepmerge "^1.5.2"
    hoist-non-react-statics "^2.3.1"
    prop-types "^15.6.0"
    react-with-direction "^1.1.0"

react@^16.3.1:
  version "16.3.1"
  resolved "https://registry.yarnpkg.com/react/-/react-16.3.1.tgz#4a2da433d471251c69b6033ada30e2ed1202cfd8"
  dependencies:
    fbjs "^0.8.16"
    loose-envify "^1.1.0"
    object-assign "^4.1.1"
    prop-types "^15.6.0"

safer-buffer@^2.1.0:
  version "2.1.2"
  resolved "https://registry.yarnpkg.com/safer-buffer/-/safer-buffer-2.1.2.tgz#44fa161b0187b9549dd84bb91802f9bd8385cd6a"

setimmediate@^1.0.5:
  version "1.0.5"
  resolved "https://registry.yarnpkg.com/setimmediate/-/setimmediate-1.0.5.tgz#290cbb232e306942d7d7ea9b83732ab7856f8285"

string-hash@^1.1.3:
  version "1.1.3"
  resolved "https://registry.yarnpkg.com/string-hash/-/string-hash-1.1.3.tgz#e8aafc0ac1855b4666929ed7dd1275df5d6c811b"

ua-parser-js@^0.7.9:
  version "0.7.17"
  resolved "https://registry.yarnpkg.com/ua-parser-js/-/ua-parser-js-0.7.17.tgz#e9ec5f9498b9ec910e7ae3ac626a805c4d09ecac"

whatwg-fetch@>=0.10.0:
  version "2.0.4"
  resolved "https://registry.yarnpkg.com/whatwg-fetch/-/whatwg-fetch-2.0.4.tgz#dde6a5df315f9d39991aa17621853d720b85566f"
